
Microsoft Visual Studio Solution File, Format Version 12.00
# Visual Studio 15
VisualStudioVersion = 15.0.28307.489
MinimumVisualStudioVersion = 10.0.40219.1
Project("{FAE04EC0-301F-11D3-BF4B-00C04F79EFBC}") = "ConsoleGame2", "ConsoleGame2\ConsoleGame2.csproj", "{C781771C-FFAD-4487-9BB8-8D3570369B5D}"
EndProject
Global
	GlobalSection(SolutionConfigurationPlatforms) = preSolution
		Debug|Any CPU = Debug|Any CPU
		Release|Any CPU = Release|Any CPU
	EndGlobalSection
	GlobalSection(ProjectConfigurationPlatforms) = postSolution
		{C781771C-FFAD-4487-9BB8-8D3570369B5D}.Debug|Any CPU.ActiveCfg = Debug|Any CPU
		{C781771C-FFAD-4487-9BB8-8D3570369B5D}.Debug|Any CPU.Build.0 = Debug|Any CPU
		{C781771C-FFAD-4487-9BB8-8D3570369B5D}.Release|Any CPU.ActiveCfg = Release|Any CPU
		{C781771C-FFAD-4487-9BB8-8D3570369B5D}.Release|Any CPU.Build.0 = Release|Any CPU
	EndGlobalSection
	GlobalSection(SolutionProperties) = preSolution
		HideSolutionNode = FALSE
	EndGlobalSection
	GlobalSection(ExtensibilityGlobals) = postSolution
		SolutionGuid = {4BB917D3-9EB8-43C4-8059-F4753980BE9C}
	EndGlobalSection
EndGlobal
